
Microsoft Visual Studio Solution File, Format Version 12.00
# Visual Studio Version 17
VisualStudioVersion = 17.4.32912.340
MinimumVisualStudioVersion = 10.0.40219.1
Project("{FAE04EC0-301F-11D3-BF4B-00C04F79EFBC}") = "Alemanha", "Alemanha\Alemanha.csproj", "{3F5B987A-3EC0-4D1C-B705-E3FFA4ACF92C}"
EndProject
Global
	GlobalSection(SolutionConfigurationPlatforms) = preSolution
		Debug|Any CPU = Debug|Any CPU
		Release|Any CPU = Release|Any CPU
	EndGlobalSection
	GlobalSection(ProjectConfigurationPlatforms) = postSolution
		{3F5B987A-3EC0-4D1C-B705-E3FFA4ACF92C}.Debug|Any CPU.ActiveCfg = Debug|Any CPU
		{3F5B987A-3EC0-4D1C-B705-E3FFA4ACF92C}.Debug|Any CPU.Build.0 = Debug|Any CPU
		{3F5B987A-3EC0-4D1C-B705-E3FFA4ACF92C}.Release|Any CPU.ActiveCfg = Release|Any CPU
		{3F5B987A-3EC0-4D1C-B705-E3FFA4ACF92C}.Release|Any CPU.Build.0 = Release|Any CPU
	EndGlobalSection
	GlobalSection(SolutionProperties) = preSolution
		HideSolutionNode = FALSE
	EndGlobalSection
	GlobalSection(ExtensibilityGlobals) = postSolution
		SolutionGuid = {4E392986-C4B6-46FE-96E0-62F600360A24}
	EndGlobalSection
EndGlobal
